
Microsoft Visual Studio Solution File, Format Version 12.00
# Visual Studio Version 17
VisualStudioVersion = 17.5.002.0
MinimumVisualStudioVersion = 10.0.40219.1
Project("{9A19103F-16F7-4668-BE54-9A1E7A4F7556}") = "StoreApp", "StoreApp.csproj", "{BF7FD935-49EA-434D-B56C-7D01A067B3CB}"
EndProject
Global
	GlobalSection(SolutionConfigurationPlatforms) = preSolution
		Debug|Any CPU = Debug|Any CPU
		Release|Any CPU = Release|Any CPU
	EndGlobalSection
	GlobalSection(ProjectConfigurationPlatforms) = postSolution
		{BF7FD935-49EA-434D-B56C-7D01A067B3CB}.Debug|Any CPU.ActiveCfg = Debug|Any CPU
		{BF7FD935-49EA-434D-B56C-7D01A067B3CB}.Debug|Any CPU.Build.0 = Debug|Any CPU
		{BF7FD935-49EA-434D-B56C-7D01A067B3CB}.Release|Any CPU.ActiveCfg = Release|Any CPU
		{BF7FD935-49EA-434D-B56C-7D01A067B3CB}.Release|Any CPU.Build.0 = Release|Any CPU
	EndGlobalSection
	GlobalSection(SolutionProperties) = preSolution
		HideSolutionNode = FALSE
	EndGlobalSection
	GlobalSection(ExtensibilityGlobals) = postSolution
		SolutionGuid = {81D5830E-96B1-4BF3-AC02-9F94A6EA553C}
	EndGlobalSection
EndGlobal
